
Microsoft Visual Studio Solution File, Format Version 12.00
# Visual Studio Version 17
VisualStudioVersion = 17.4.33110.190
MinimumVisualStudioVersion = 10.0.40219.1
Project("{FAE04EC0-301F-11D3-BF4B-00C04F79EFBC}") = "ConsoleApp1", "ConsoleApp1.csproj", "{4E9074A3-6743-4091-9C7A-1BD150B8A99B}"
EndProject
Global
	GlobalSection(SolutionConfigurationPlatforms) = preSolution
		Debug|Any CPU = Debug|Any CPU
		Release|Any CPU = Release|Any CPU
	EndGlobalSection
	GlobalSection(ProjectConfigurationPlatforms) = postSolution
		{4E9074A3-6743-4091-9C7A-1BD150B8A99B}.Debug|Any CPU.ActiveCfg = Debug|Any CPU
		{4E9074A3-6743-4091-9C7A-1BD150B8A99B}.Debug|Any CPU.Build.0 = Debug|Any CPU
		{4E9074A3-6743-4091-9C7A-1BD150B8A99B}.Release|Any CPU.ActiveCfg = Release|Any CPU
		{4E9074A3-6743-4091-9C7A-1BD150B8A99B}.Release|Any CPU.Build.0 = Release|Any CPU
	EndGlobalSection
	GlobalSection(SolutionProperties) = preSolution
		HideSolutionNode = FALSE
	EndGlobalSection
	GlobalSection(ExtensibilityGlobals) = postSolution
		SolutionGuid = {43EB96EA-8546-445B-8893-05A64C2F55F9}
	EndGlobalSection
EndGlobal
